
Microsoft Visual Studio Solution File, Format Version 12.00
# Visual Studio Version 17
VisualStudioVersion = 17.14.36408.4
MinimumVisualStudioVersion = 10.0.40219.1
Project("{FAE04EC0-301F-11D3-BF4B-00C04F79EFBC}") = "ClinicaWeb", "ClinicaWeb\ClinicaWeb.csproj", "{C5BBA64E-7F38-4450-B2D6-ACB526FE34A8}"
EndProject
Project("{FAE04EC0-301F-11D3-BF4B-00C04F79EFBC}") = "dominio", "dominio\dominio.csproj", "{80533CF7-6BBD-445D-BEAB-EF61429E2170}"
EndProject
Project("{FAE04EC0-301F-11D3-BF4B-00C04F79EFBC}") = "negocio", "negocio\negocio.csproj", "{B2980B85-165D-4B8B-BA95-84A44F49DA0D}"
EndProject
Global
	GlobalSection(SolutionConfigurationPlatforms) = preSolution
		Debug|Any CPU = Debug|Any CPU
		Release|Any CPU = Release|Any CPU
	EndGlobalSection
	GlobalSection(ProjectConfigurationPlatforms) = postSolution
		{C5BBA64E-7F38-4450-B2D6-ACB526FE34A8}.Debug|Any CPU.ActiveCfg = Debug|Any CPU
		{C5BBA64E-7F38-4450-B2D6-ACB526FE34A8}.Debug|Any CPU.Build.0 = Debug|Any CPU
		{C5BBA64E-7F38-4450-B2D6-ACB526FE34A8}.Release|Any CPU.ActiveCfg = Release|Any CPU
		{C5BBA64E-7F38-4450-B2D6-ACB526FE34A8}.Release|Any CPU.Build.0 = Release|Any CPU
		{80533CF7-6BBD-445D-BEAB-EF61429E2170}.Debug|Any CPU.ActiveCfg = Debug|Any CPU
		{80533CF7-6BBD-445D-BEAB-EF61429E2170}.Debug|Any CPU.Build.0 = Debug|Any CPU
		{80533CF7-6BBD-445D-BEAB-EF61429E2170}.Release|Any CPU.ActiveCfg = Release|Any CPU
		{80533CF7-6BBD-445D-BEAB-EF61429E2170}.Release|Any CPU.Build.0 = Release|Any CPU
		{B2980B85-165D-4B8B-BA95-84A44F49DA0D}.Debug|Any CPU.ActiveCfg = Debug|Any CPU
		{B2980B85-165D-4B8B-BA95-84A44F49DA0D}.Debug|Any CPU.Build.0 = Debug|Any CPU
		{B2980B85-165D-4B8B-BA95-84A44F49DA0D}.Release|Any CPU.ActiveCfg = Release|Any CPU
		{B2980B85-165D-4B8B-BA95-84A44F49DA0D}.Release|Any CPU.Build.0 = Release|Any CPU
	EndGlobalSection
	GlobalSection(SolutionProperties) = preSolution
		HideSolutionNode = FALSE
	EndGlobalSection
	GlobalSection(ExtensibilityGlobals) = postSolution
		SolutionGuid = {15AF7A02-CA32-4066-BE46-FD51D8D68C47}
	EndGlobalSection
EndGlobal
